// !$*UTF8*$!
{
	archiveVersion = 1;
	classes = {};
	objectVersion = 56;
	objects = {

/* Begin PBXBuildFile section */
		A10000000000000000000001 /* BotPlusPDFEditorApp.swift in Sources */ = {isa = PBXBuildFile; fileRef = B10000000000000000000001 /* BotPlusPDFEditorApp.swift */; };
		A10000000000000000000002 /* ToolModels.swift in Sources */ = {isa = PBXBuildFile; fileRef = B10000000000000000000002 /* ToolModels.swift */; };
		A10000000000000000000003 /* MeasurementModels.swift in Sources */ = {isa = PBXBuildFile; fileRef = B10000000000000000000003 /* MeasurementModels.swift */; };
		A10000000000000000000004 /* MeasurementController.swift in Sources */ = {isa = PBXBuildFile; fileRef = B10000000000000000000004 /* MeasurementController.swift */; };
		A10000000000000000000005 /* MeasurementRepository.swift in Sources */ = {isa = PBXBuildFile; fileRef = B10000000000000000000005 /* MeasurementRepository.swift */; };
		A10000000000000000000006 /* PDFCanvas.swift in Sources */ = {isa = PBXBuildFile; fileRef = B10000000000000000000006 /* PDFCanvas.swift */; };
		A10000000000000000000007 /* PDFWorkspaceModel.swift in Sources */ = {isa = PBXBuildFile; fileRef = B10000000000000000000007 /* PDFWorkspaceModel.swift */; };
		A10000000000000000000008 /* RibbonView.swift in Sources */ = {isa = PBXBuildFile; fileRef = B10000000000000000000008 /* RibbonView.swift */; };
		A10000000000000000000009 /* WorkspaceView.swift in Sources */ = {isa = PBXBuildFile; fileRef = B10000000000000000000009 /* WorkspaceView.swift */; };
		A1000000000000000000000A /* SidebarViews.swift in Sources */ = {isa = PBXBuildFile; fileRef = B1000000000000000000000A /* SidebarViews.swift */; };
		A1000000000000000000000B /* StatusBarView.swift in Sources */ = {isa = PBXBuildFile; fileRef = B1000000000000000000000B /* StatusBarView.swift */; };
		A1000000000000000000000C /* ContentView.swift in Sources */ = {isa = PBXBuildFile; fileRef = B1000000000000000000000D /* ContentView.swift */; };
		A1000000000000000000000D /* Assets.xcassets in Resources */ = {isa = PBXBuildFile; fileRef = B1000000000000000000000E /* Assets.xcassets */; };

        A1000000000000000000000E /* PDFiumSourceEditor.swift in Sources */ = {isa = PBXBuildFile; fileRef = B1000000000000000000000F; };
        A1000000000000000000000F /* PDFiumSave.c in Sources */ = {isa = PBXBuildFile; fileRef = B10000000000000000000010; };
        A10000000000000000000010 /* libpdfium.dylib in Frameworks */ = {isa = PBXBuildFile; fileRef = B10000000000000000000011; };
        A10000000000000000000011 /* libpdfium.dylib in Embed Frameworks */ = {isa = PBXBuildFile; fileRef = B10000000000000000000011; settings = {ATTRIBUTES = (CodeSignOnCopy, ); }; };
        A10000000000000000000012 /* PDFium licenses in Resources */ = {isa = PBXBuildFile; fileRef = B10000000000000000000012; };
        A10000000000000000000013 /* Third-party notices in Resources */ = {isa = PBXBuildFile; fileRef = B10000000000000000000013; };
        A10000000000000000000014 /* PDFTextEditingUI.swift in Sources */ = {isa = PBXBuildFile; fileRef = B10000000000000000000014; };
/* End PBXBuildFile section */

/* Begin PBXFileReference section */
		B10000000000000000000001 /* BotPlusPDFEditorApp.swift */ = {isa = PBXFileReference; lastKnownFileType = sourcecode.swift; path = BotPlusPDFEditorApp.swift; sourceTree = "<group>"; };
		B10000000000000000000002 /* ToolModels.swift */ = {isa = PBXFileReference; lastKnownFileType = sourcecode.swift; path = ToolModels.swift; sourceTree = "<group>"; };
		B10000000000000000000003 /* MeasurementModels.swift */ = {isa = PBXFileReference; lastKnownFileType = sourcecode.swift; path = MeasurementModels.swift; sourceTree = "<group>"; };
		B10000000000000000000004 /* MeasurementController.swift */ = {isa = PBXFileReference; lastKnownFileType = sourcecode.swift; path = MeasurementController.swift; sourceTree = "<group>"; };
		B10000000000000000000005 /* MeasurementRepository.swift */ = {isa = PBXFileReference; lastKnownFileType = sourcecode.swift; path = MeasurementRepository.swift; sourceTree = "<group>"; };
		B10000000000000000000006 /* PDFCanvas.swift */ = {isa = PBXFileReference; lastKnownFileType = sourcecode.swift; path = PDFCanvas.swift; sourceTree = "<group>"; };
		B10000000000000000000007 /* PDFWorkspaceModel.swift */ = {isa = PBXFileReference; lastKnownFileType = sourcecode.swift; path = PDFWorkspaceModel.swift; sourceTree = "<group>"; };
		B10000000000000000000008 /* RibbonView.swift */ = {isa = PBXFileReference; lastKnownFileType = sourcecode.swift; path = RibbonView.swift; sourceTree = "<group>"; };
		B10000000000000000000009 /* WorkspaceView.swift */ = {isa = PBXFileReference; lastKnownFileType = sourcecode.swift; path = WorkspaceView.swift; sourceTree = "<group>"; };
		B1000000000000000000000A /* SidebarViews.swift */ = {isa = PBXFileReference; lastKnownFileType = sourcecode.swift; path = SidebarViews.swift; sourceTree = "<group>"; };
		B1000000000000000000000B /* StatusBarView.swift */ = {isa = PBXFileReference; lastKnownFileType = sourcecode.swift; path = StatusBarView.swift; sourceTree = "<group>"; };
		B1000000000000000000000C /* BotPlusPDFEditor.app */ = {isa = PBXFileReference; explicitFileType = wrapper.application; includeInIndex = 0; path = BotPlusPDFEditor.app; sourceTree = BUILT_PRODUCTS_DIR; };
		B1000000000000000000000D /* ContentView.swift */ = {isa = PBXFileReference; lastKnownFileType = sourcecode.swift; path = ContentView.swift; sourceTree = "<group>"; };
		B1000000000000000000000E /* Assets.xcassets */ = {isa = PBXFileReference; lastKnownFileType = folder.assetcatalog; path = Assets.xcassets; sourceTree = "<group>"; };

        B1000000000000000000000F /* PDFiumSourceEditor.swift */ = {isa = PBXFileReference; lastKnownFileType = sourcecode.swift; path = PDFiumSourceEditor.swift; sourceTree = "<group>"; };
        B10000000000000000000010 /* PDFiumSave.c */ = {isa = PBXFileReference; lastKnownFileType = sourcecode.c.c; path = Native/PDFiumBridge/PDFiumSave.c; sourceTree = "<group>"; };
        B10000000000000000000011 /* libpdfium.dylib */ = {isa = PBXFileReference; lastKnownFileType = compiled.mach-o.dylib; path = Vendor/PDFium/lib/libpdfium.dylib; sourceTree = "<group>"; };
        B10000000000000000000012 /* PDFium licenses */ = {isa = PBXFileReference; lastKnownFileType = folder; path = Vendor/PDFium/licenses; sourceTree = "<group>"; };
        B10000000000000000000013 /* Third-party notices */ = {isa = PBXFileReference; lastKnownFileType = text; path = THIRD_PARTY_NOTICES.md; sourceTree = "<group>"; };
        B10000000000000000000014 /* PDFTextEditingUI.swift */ = {isa = PBXFileReference; lastKnownFileType = sourcecode.swift; path = PDFTextEditingUI.swift; sourceTree = "<group>"; };
/* End PBXFileReference section */

/* Begin PBXGroup section */
		C10000000000000000000001 = {isa = PBXGroup; children = (B1000000000000000000000D /* ContentView.swift */, B1000000000000000000000F, B10000000000000000000014, B10000000000000000000010, B10000000000000000000011, B10000000000000000000012, B10000000000000000000013, C10000000000000000000002 /* BotPlusPDFEditor source files */, C10000000000000000000003 /* Products */,); sourceTree = "<group>"; };
		C10000000000000000000002 /* BotPlusPDFEditor source files */ = {isa = PBXGroup; path = BotPlusPDFEditor; sourceTree = "<group>"; children = (C10000000000000000000004 /* App */, C10000000000000000000005 /* Domain */, C10000000000000000000006 /* Application */, C10000000000000000000007 /* Infrastructure */, C10000000000000000000008 /* Presentation */,); };
		C10000000000000000000003 /* Products */ = {isa = PBXGroup; name = Products; children = (B1000000000000000000000C /* BotPlusPDFEditor.app */,); sourceTree = "<group>"; };
		C10000000000000000000004 /* App */ = {isa = PBXGroup; path = App; sourceTree = "<group>"; children = (B10000000000000000000001 /* BotPlusPDFEditorApp.swift */,); };
		C10000000000000000000005 /* Domain */ = {isa = PBXGroup; path = Domain; sourceTree = "<group>"; children = (B10000000000000000000002 /* ToolModels.swift */, B10000000000000000000003 /* MeasurementModels.swift */,); };
		C10000000000000000000006 /* Application */ = {isa = PBXGroup; path = Application; sourceTree = "<group>"; children = (B10000000000000000000004 /* MeasurementController.swift */,); };
		C10000000000000000000007 /* Infrastructure */ = {isa = PBXGroup; path = Infrastructure; sourceTree = "<group>"; children = (B10000000000000000000005 /* MeasurementRepository.swift */, B10000000000000000000006 /* PDFCanvas.swift */,); };
		C10000000000000000000008 /* Presentation */ = {isa = PBXGroup; path = Presentation; sourceTree = "<group>"; children = (B10000000000000000000007 /* PDFWorkspaceModel.swift */, B10000000000000000000008 /* RibbonView.swift */, B10000000000000000000009 /* WorkspaceView.swift */, B1000000000000000000000A /* SidebarViews.swift */, B1000000000000000000000B /* StatusBarView.swift */,); };
/* End PBXGroup section */

/* Begin PBXNativeTarget section */
		D10000000000000000000001 /* BotPlusPDFEditor */ = {isa = PBXNativeTarget; buildConfigurationList = E10000000000000000000002; buildPhases = (F10000000000000000000001 /* Sources */, F10000000000000000000002 /* Frameworks */, F10000000000000000000003 /* Resources */, F10000000000000000000004 /* Embed Frameworks */,); buildRules = (); dependencies = (); name = BotPlusPDFEditor; productName = BotPlusPDFEditor; productReference = B1000000000000000000000C /* BotPlusPDFEditor.app */; productType = "com.apple.product-type.application"; };
/* End PBXNativeTarget section */

/* Begin PBXProject section */
		D10000000000000000000002 /* Project object */ = {isa = PBXProject; attributes = {BuildIndependentTargetsInParallel = 1; LastSwiftUpdateCheck = 1600; LastUpgradeCheck = 1600; TargetAttributes = {D10000000000000000000001 = {CreatedOnToolsVersion = 16.0; }; }; }; buildConfigurationList = E10000000000000000000001; compatibilityVersion = "Xcode 14.0"; developmentRegion = en; hasScannedForEncodings = 0; knownRegions = (ru, en, Base,); mainGroup = C10000000000000000000001; productRefGroup = C10000000000000000000003 /* Products */; projectDirPath = ""; projectRoot = ""; targets = (D10000000000000000000001 /* BotPlusPDFEditor */,); };
/* End PBXProject section */

/* Begin PBXBuildFile section (frameworks) */
/* End PBXBuildFile section */

/* Begin PBXFrameworksBuildPhase section */
		F10000000000000000000001 /* Sources */ = {isa = PBXSourcesBuildPhase; buildActionMask = 2147483647; files = (A1000000000000000000000C /* ContentView.swift in Sources */, A1000000000000000000000E, A1000000000000000000000F, A10000000000000000000014,); runOnlyForDeploymentPostprocessing = 0; };
		F10000000000000000000002 /* Frameworks */ = {isa = PBXFrameworksBuildPhase; buildActionMask = 2147483647; files = (A10000000000000000000010,); runOnlyForDeploymentPostprocessing = 0; };
		F10000000000000000000003 /* Resources */ = {isa = PBXResourcesBuildPhase; buildActionMask = 2147483647; files = (A1000000000000000000000D /* Assets.xcassets in Resources */, A10000000000000000000012, A10000000000000000000013,); runOnlyForDeploymentPostprocessing = 0; };
        F10000000000000000000004 /* Embed Frameworks */ = {isa = PBXCopyFilesBuildPhase; buildActionMask = 2147483647; dstPath = ""; dstSubfolderSpec = 10; files = (A10000000000000000000011,); name = "Embed Frameworks"; runOnlyForDeploymentPostprocessing = 0; };
/* End PBXFrameworksBuildPhase section */

/* Begin XCBuildConfiguration section */
		E10000000000000000000001 /* Project config list */ = {isa = XCConfigurationList; buildConfigurations = (E10000000000000000000003, E10000000000000000000004,); defaultConfigurationIsVisible = 0; defaultConfigurationName = Release; };
		E10000000000000000000002 /* Target config list */ = {isa = XCConfigurationList; buildConfigurations = (E10000000000000000000005, E10000000000000000000006,); defaultConfigurationIsVisible = 0; defaultConfigurationName = Release; };
		E10000000000000000000003 /* Debug project */ = {isa = XCBuildConfiguration; buildSettings = {CLANG_ENABLE_MODULES = YES; SDKROOT = macosx; SWIFT_VERSION = 6.0; }; name = Debug; };
		E10000000000000000000004 /* Release project */ = {isa = XCBuildConfiguration; buildSettings = {CLANG_ENABLE_MODULES = YES; SDKROOT = macosx; SWIFT_VERSION = 6.0; }; name = Release; };
		E10000000000000000000005 /* Debug target */ = {isa = XCBuildConfiguration; buildSettings = {HEADER_SEARCH_PATHS = ("$(SRCROOT)/Vendor/PDFium/include", "$(SRCROOT)/Native/PDFiumBridge/include",); SWIFT_INCLUDE_PATHS = "$(SRCROOT)/Native/PDFiumBridge/include"; LIBRARY_SEARCH_PATHS = ("$(inherited)", "$(SRCROOT)/Vendor/PDFium/lib",); LD_RUNPATH_SEARCH_PATHS = "$(inherited) @executable_path/../Frameworks"; CODE_SIGN_ENTITLEMENTS = BotPlusPDFEditor/BotPlusPDFEditor.entitlements; ARCHS = "$(ARCHS_STANDARD)"; ONLY_ACTIVE_ARCH = NO; CODE_SIGN_STYLE = Automatic; ENABLE_APP_SANDBOX = YES; GENERATE_INFOPLIST_FILE = YES; INFOPLIST_FILE = BotPlusPDFEditor/Info.plist; ASSETCATALOG_COMPILER_APPICON_NAME = AppIcon; INFOPLIST_KEY_CFBundleDisplayName = "BotPlus PDF Editor"; MARKETING_VERSION = 1.1; CURRENT_PROJECT_VERSION = 2; INFOPLIST_KEY_NSHumanReadableCopyright = "© 2026 BotPlus"; INFOPLIST_KEY_LSApplicationCategoryType = "public.app-category.productivity"; INFOPLIST_KEY_NSHighResolutionCapable = YES; MACOSX_DEPLOYMENT_TARGET = 14.0; PRODUCT_BUNDLE_IDENTIFIER = com.botplus.pdfeditor; PRODUCT_NAME = "$(TARGET_NAME)"; SWIFT_EMIT_LOC_STRINGS = YES; SWIFT_VERSION = 6.0; }; name = Debug; };
		E10000000000000000000006 /* Release target */ = {isa = XCBuildConfiguration; buildSettings = {HEADER_SEARCH_PATHS = ("$(SRCROOT)/Vendor/PDFium/include", "$(SRCROOT)/Native/PDFiumBridge/include",); SWIFT_INCLUDE_PATHS = "$(SRCROOT)/Native/PDFiumBridge/include"; LIBRARY_SEARCH_PATHS = ("$(inherited)", "$(SRCROOT)/Vendor/PDFium/lib",); LD_RUNPATH_SEARCH_PATHS = "$(inherited) @executable_path/../Frameworks"; CODE_SIGN_ENTITLEMENTS = BotPlusPDFEditor/BotPlusPDFEditor.entitlements; ARCHS = "$(ARCHS_STANDARD)"; ONLY_ACTIVE_ARCH = NO; CODE_SIGN_STYLE = Automatic; ENABLE_APP_SANDBOX = YES; GENERATE_INFOPLIST_FILE = YES; INFOPLIST_FILE = BotPlusPDFEditor/Info.plist; ASSETCATALOG_COMPILER_APPICON_NAME = AppIcon; INFOPLIST_KEY_CFBundleDisplayName = "BotPlus PDF Editor"; MARKETING_VERSION = 1.1; CURRENT_PROJECT_VERSION = 2; INFOPLIST_KEY_NSHumanReadableCopyright = "© 2026 BotPlus"; INFOPLIST_KEY_LSApplicationCategoryType = "public.app-category.productivity"; MACOSX_DEPLOYMENT_TARGET = 14.0; PRODUCT_BUNDLE_IDENTIFIER = com.botplus.pdfeditor; PRODUCT_NAME = "$(TARGET_NAME)"; SWIFT_EMIT_LOC_STRINGS = YES; SWIFT_VERSION = 6.0; }; name = Release; };
/* End XCBuildConfiguration section */

	};
	rootObject = D10000000000000000000002 /* Project object */;
}
